lockfileVersion: '9.0'

settings:
  autoInstallPeers: true
  excludeLinksFromLockfile: false

importers:

  .:
    dependencies:
      '@vara-eth/api':
        specifier: ^0.2.0
        version: 0.2.0(kzg-wasm@1.0.0)(viem@2.45.1(typescript@5.9.3))
      dotenv:
        specifier: ^17.2.3
        version: 17.2.3
      sails-js:
        specifier: ^0.5.1
        version: 0.5.1(@gear-js/api@0.44.2(@polkadot/api@16.5.4)(@polkadot/wasm-crypto@7.5.4(@polkadot/util@14.0.1)(@polkadot/x-randomvalues@14.0.1(@polkadot/util@14.0.1)(@polkadot/wasm-util@7.5.4(@polkadot/util@14.0.1))))(rxjs@7.8.2))(@polkadot/api@16.5.4)(@polkadot/util@14.0.1)
      sails-js-parser:
        specifier: ^0.5.1
        version: 0.5.1
      viem:
        specifier: ^2.45.1
        version: 2.45.1(typescript@5.9.3)
    devDependencies:
      sails-js-types:
        specifier: ^0.5.1
        version: 0.5.1
      ts-node:
        specifier: ^10.9.2
        version: 10.9.2(@types/node@25.2.0)(typescript@5.9.3)
      tsx:
        specifier: ^4.19.2
        version: 4.21.0
      typescript:
        specifier: ^5.9.3
        version: 5.9.3

packages:

  '@adraffy/ens-normalize@1.11.1':
    resolution: {integrity: sha512-nhCBV3quEgesuf7c7KYfperqSS14T8bYuvJ8PcLJp6znkZpFc0AuW4qBtr8eKVyPPe/8RSr7sglCWPU5eaxwKQ==}

  '@cspotcode/source-map-support@0.8.1':
    resolution: {integrity: sha512-IchNf6dN4tHoMFIn/7OE8LWZ19Y6q/67Bmf6vnGREv8RSbBVb9LPJxEcnwrcwX6ixSvaiGoomAUvu4YSxXrVgw==}
    engines: {node: '>=12'}

  '@esbuild/aix-ppc64@0.27.3':
    resolution: {integrity: sha512-9fJMTNFTWZMh5qwrBItuziu834eOCUcEqymSH7pY+zoMVEZg3gcPuBNxH1EvfVYe9h0x/Ptw8KBzv7qxb7l8dg==}
    engines: {node: '>=18'}
    cpu: [ppc64]
    os: [aix]

  '@esbuild/android-arm64@0.27.3':
    resolution: {integrity: sha512-YdghPYUmj/FX2SYKJ0OZxf+iaKgMsKHVPF1MAq/P8WirnSpCStzKJFjOjzsW0QQ7oIAiccHdcqjbHmJxRb/dmg==}
    engines: {node: '>=18'}
    cpu: [arm64]
    os: [android]

  '@esbuild/android-arm@0.27.3':
    resolution: {integrity: sha512-i5D1hPY7GIQmXlXhs2w8AWHhenb00+GxjxRncS2ZM7YNVGNfaMxgzSGuO8o8SJzRc/oZwU2bcScvVERk03QhzA==}
    engines: {node: '>=18'}
    cpu: [arm]
    os: [android]

  '@esbuild/android-x64@0.27.3':
    resolution: {integrity: sha512-IN/0BNTkHtk8lkOM8JWAYFg4ORxBkZQf9zXiEOfERX/CzxW3Vg1ewAhU7QSWQpVIzTW+b8Xy+lGzdYXV6UZObQ==}
    engines: {node: '>=18'}
    cpu: [x64]
    os: [android]

  '@esbuild/darwin-arm64@0.27.3':
    resolution: {integrity: sha512-Re491k7ByTVRy0t3EKWajdLIr0gz2kKKfzafkth4Q8A5n1xTHrkqZgLLjFEHVD+AXdUGgQMq+Godfq45mGpCKg==}
    engines: {node: '>=18'}
    cpu: [arm64]
    os: [darwin]

  '@esbuild/darwin-x64@0.27.3':
    resolution: {integrity: sha512-vHk/hA7/1AckjGzRqi6wbo+jaShzRowYip6rt6q7VYEDX4LEy1pZfDpdxCBnGtl+A5zq8iXDcyuxwtv3hNtHFg==}
    engines: {node: '>=18'}
    cpu: [x64]
    os: [darwin]

  '@esbuild/freebsd-arm64@0.27.3':
    resolution: {integrity: sha512-ipTYM2fjt3kQAYOvo6vcxJx3nBYAzPjgTCk7QEgZG8AUO3ydUhvelmhrbOheMnGOlaSFUoHXB6un+A7q4ygY9w==}
    engines: {node: '>=18'}
    cpu: [arm64]
    os: [freebsd]

  '@esbuild/freebsd-x64@0.27.3':
    resolution: {integrity: sha512-dDk0X87T7mI6U3K9VjWtHOXqwAMJBNN2r7bejDsc+j03SEjtD9HrOl8gVFByeM0aJksoUuUVU9TBaZa2rgj0oA==}
    engines: {node: '>=18'}
    cpu: [x64]
    os: [freebsd]

  '@esbuild/linux-arm64@0.27.3':
    resolution: {integrity: sha512-sZOuFz/xWnZ4KH3YfFrKCf1WyPZHakVzTiqji3WDc0BCl2kBwiJLCXpzLzUBLgmp4veFZdvN5ChW4Eq/8Fc2Fg==}
    engines: {node: '>=18'}
    cpu: [arm64]
    os: [linux]

  '@esbuild/linux-arm@0.27.3':
    resolution: {integrity: sha512-s6nPv2QkSupJwLYyfS+gwdirm0ukyTFNl3KTgZEAiJDd+iHZcbTPPcWCcRYH+WlNbwChgH2QkE9NSlNrMT8Gfw==}
    engines: {node: '>=18'}
    cpu: [arm]
    os: [linux]

  '@esbuild/linux-ia32@0.27.3':
    resolution: {integrity: sha512-yGlQYjdxtLdh0a3jHjuwOrxQjOZYD/C9PfdbgJJF3TIZWnm/tMd/RcNiLngiu4iwcBAOezdnSLAwQDPqTmtTYg==}
    engines: {node: '>=18'}
    cpu: [ia32]
    os: [linux]

  '@esbuild/linux-loong64@0.27.3':
    resolution: {integrity: sha512-WO60Sn8ly3gtzhyjATDgieJNet/KqsDlX5nRC5Y3oTFcS1l0KWba+SEa9Ja1GfDqSF1z6hif/SkpQJbL63cgOA==}
    engines: {node: '>=18'}
    cpu: [loong64]
    os: [linux]

  '@esbuild/linux-mips64el@0.27.3':
    resolution: {integrity: sha512-APsymYA6sGcZ4pD6k+UxbDjOFSvPWyZhjaiPyl/f79xKxwTnrn5QUnXR5prvetuaSMsb4jgeHewIDCIWljrSxw==}
    engines: {node: '>=18'}
    cpu: [mips64el]
    os: [linux]

  '@esbuild/linux-ppc64@0.27.3':
    resolution: {integrity: sha512-eizBnTeBefojtDb9nSh4vvVQ3V9Qf9Df01PfawPcRzJH4gFSgrObw+LveUyDoKU3kxi5+9RJTCWlj4FjYXVPEA==}
    engines: {node: '>=18'}
    cpu: [ppc64]
    os: [linux]

  '@esbuild/linux-riscv64@0.27.3':
    resolution: {integrity: sha512-3Emwh0r5wmfm3ssTWRQSyVhbOHvqegUDRd0WhmXKX2mkHJe1SFCMJhagUleMq+Uci34wLSipf8Lagt4LlpRFWQ==}
    engines: {node: '>=18'}
    cpu: [riscv64]
    os: [linux]

  '@esbuild/linux-s390x@0.27.3':
    resolution: {integrity: sha512-pBHUx9LzXWBc7MFIEEL0yD/ZVtNgLytvx60gES28GcWMqil8ElCYR4kvbV2BDqsHOvVDRrOxGySBM9Fcv744hw==}
    engines: {node: '>=18'}
    cpu: [s390x]
    os: [linux]

  '@esbuild/linux-x64@0.27.3':
    resolution: {integrity: sha512-Czi8yzXUWIQYAtL/2y6vogER8pvcsOsk5cpwL4Gk5nJqH5UZiVByIY8Eorm5R13gq+DQKYg0+JyQoytLQas4dA==}
    engines: {node: '>=18'}
    cpu: [x64]
    os: [linux]

  '@esbuild/netbsd-arm64@0.27.3':
    resolution: {integrity: sha512-sDpk0RgmTCR/5HguIZa9n9u+HVKf40fbEUt+iTzSnCaGvY9kFP0YKBWZtJaraonFnqef5SlJ8/TiPAxzyS+UoA==}
    engines: {node: '>=18'}
    cpu: [arm64]
    os: [netbsd]

  '@esbuild/netbsd-x64@0.27.3':
    resolution: {integrity: sha512-P14lFKJl/DdaE00LItAukUdZO5iqNH7+PjoBm+fLQjtxfcfFE20Xf5CrLsmZdq5LFFZzb5JMZ9grUwvtVYzjiA==}
    engines: {node: '>=18'}
    cpu: [x64]
    os: [netbsd]

  '@esbuild/openbsd-arm64@0.27.3':
    resolution: {integrity: sha512-AIcMP77AvirGbRl/UZFTq5hjXK+2wC7qFRGoHSDrZ5v5b8DK/GYpXW3CPRL53NkvDqb9D+alBiC/dV0Fb7eJcw==}
    engines: {node: '>=18'}
    cpu: [arm64]
    os: [openbsd]

  '@esbuild/openbsd-x64@0.27.3':
    resolution: {integrity: sha512-DnW2sRrBzA+YnE70LKqnM3P+z8vehfJWHXECbwBmH/CU51z6FiqTQTHFenPlHmo3a8UgpLyH3PT+87OViOh1AQ==}
    engines: {node: '>=18'}
    cpu: [x64]
    os: [openbsd]

  '@esbuild/openharmony-arm64@0.27.3':
    resolution: {integrity: sha512-NinAEgr/etERPTsZJ7aEZQvvg/A6IsZG/LgZy+81wON2huV7SrK3e63dU0XhyZP4RKGyTm7aOgmQk0bGp0fy2g==}
    engines: {node: '>=18'}
    cpu: [arm64]
    os: [openharmony]

  '@esbuild/sunos-x64@0.27.3':
    resolution: {integrity: sha512-PanZ+nEz+eWoBJ8/f8HKxTTD172SKwdXebZ0ndd953gt1HRBbhMsaNqjTyYLGLPdoWHy4zLU7bDVJztF5f3BHA==}
    engines: {node: '>=18'}
    cpu: [x64]
    os: [sunos]

  '@esbuild/win32-arm64@0.27.3':
    resolution: {integrity: sha512-B2t59lWWYrbRDw/tjiWOuzSsFh1Y/E95ofKz7rIVYSQkUYBjfSgf6oeYPNWHToFRr2zx52JKApIcAS/D5TUBnA==}
    engines: {node: '>=18'}
    cpu: [arm64]
    os: [win32]

  '@esbuild/win32-ia32@0.27.3':
    resolution: {integrity: sha512-QLKSFeXNS8+tHW7tZpMtjlNb7HKau0QDpwm49u0vUp9y1WOF+PEzkU84y9GqYaAVW8aH8f3GcBck26jh54cX4Q==}
    engines: {node: '>=18'}
    cpu: [ia32]
    os: [win32]

  '@esbuild/win32-x64@0.27.3':
    resolution: {integrity: sha512-4uJGhsxuptu3OcpVAzli+/gWusVGwZZHTlS63hh++ehExkVT8SgiEf7/uC/PclrPPkLhZqGgCTjd0VWLo6xMqA==}
    engines: {node: '>=18'}
    cpu: [x64]
    os: [win32]

  '@ethereumjs/rlp@10.1.1':
    resolution: {integrity: sha512-jbnWTEwcpoY+gE0r+wxfDG9zgiu54DcTcwnc9sX3DsqKR4l5K7x2V8mQL3Et6hURa4DuT9g7z6ukwpBLFchszg==}
    engines: {node: '>=20'}
    hasBin: true

  '@ethereumjs/util@10.1.1':
    resolution: {integrity: sha512-r2EhaeEmLZXVs1dT2HJFQysAkr63ZWATu/9tgYSp1IlvjvwyC++DLg5kCDwMM49HBq3sOAhrPnXkoqf9DV2gbw==}
    engines: {node: '>=20'}

  '@gear-js/api@0.44.2':
    resolution: {integrity: sha512-367E+S5pfgxrTj+QY21qLGu+4CocKAUdbqXyYUVIPBJhkBXLBvcM9iGh6T0jXI2HC7hWncRFtne3DWvd6V6Rng==}
    peerDependencies:
      '@polkadot/api': ^16.4.1
      '@polkadot/wasm-crypto': ^7.5.1
      rxjs: ^7.8.2

  '@jridgewell/resolve-uri@3.1.2':
    resolution: {integrity: sha512-bRISgCIjP20/tbWSPWMEi54QVPRZExkuD9lJL+UIxUKtwVJA8wW1Trb1jMs1RFXo1CBTNZ/5hpC9QvmKWdopKw==}
    engines: {node: '>=6.0.0'}

  '@jridgewell/sourcemap-codec@1.5.5':
    resolution: {integrity: sha512-cYQ9310grqxueWbl+WuIUIaiUaDcj7WOq5fVhEljNVgRfOUhY9fy2zTvfoqWsnebh8Sl70VScFbICvJnLKB0Og==}

  '@jridgewell/trace-mapping@0.3.9':
    resolution: {integrity: sha512-3Belt6tdc8bPgAtbcmdtNJlirVoTmEb5e2gC94PnkwEW9jI6CAHUeoG85tjWP5WquqfavoMtMwiG4P926ZKKuQ==}

  '@noble/ciphers@1.3.0':
    resolution: {integrity: sha512-2I0gnIVPtfnMw9ee9h1dJG7tp81+8Ob3OJb3Mv37rx5L40/b0i7djjCVvGOVqc9AEIQyvyu1i6ypKdFw8R8gQw==}
    engines: {node: ^14.21.3 || >=16}

  '@noble/curves@1.9.1':
    resolution: {integrity: sha512-k11yZxZg+t+gWvBbIswW0yoJlu8cHOC7dhunwOzoWH/mXGBiYyR4YY6hAEK/3EUs4UpB8la1RfdRpeGsFHkWsA==}
    engines: {node: ^14.21.3 || >=16}

  '@noble/curves@1.9.7':
    resolution: {integrity: sha512-gbKGcRUYIjA3/zCCNaWDciTMFI0dCkvou3TL8Zmy5Nc7sJ47a0jtOeZoTaMxkuqRo9cRhjOdZJXegxYE5FN/xw==}
    engines: {node: ^14.21.3 || >=16}

  '@noble/curves@2.0.1':
    resolution: {integrity: sha512-vs1Az2OOTBiP4q0pwjW5aF0xp9n4MxVrmkFBxc6EKZc6ddYx5gaZiAsZoq0uRRXWbi3AT/sBqn05eRPtn1JCPw==}
    engines: {node: '>= 20.19.0'}

  '@noble/hashes@1.8.0':
    resolution: {integrity: sha512-jCs9ldd7NwzpgXDIf6P3+NrHh9/sD6CQdxHyjQI+h/6rDNo88ypBxxz45UDuZHz9r3tNz7N/VInSVoVdtXEI4A==}
    engines: {node: ^14.21.3 || >=16}

  '@noble/hashes@2.0.1':
    resolution: {integrity: sha512-XlOlEbQcE9fmuXxrVTXCTlG2nlRXa9Rj3rr5Ue/+tX+nmkgbX720YHh0VR3hBF9xDvwnb8D2shVGOwNx+ulArw==}
    engines: {node: '>= 20.19.0'}

  '@polkadot-api/json-rpc-provider-proxy@0.1.0':
    resolution: {integrity: sha512-8GSFE5+EF73MCuLQm8tjrbCqlgclcHBSRaswvXziJ0ZW7iw3UEMsKkkKvELayWyBuOPa2T5i1nj6gFOeIsqvrg==}

  '@polkadot-api/json-rpc-provider@0.0.1':
    resolution: {integrity: sha512-/SMC/l7foRjpykLTUTacIH05H3mr9ip8b5xxfwXlVezXrNVLp3Cv0GX6uItkKd+ZjzVPf3PFrDF2B2/HLSNESA==}

  '@polkadot-api/metadata-builders@0.3.2':
    resolution: {integrity: sha512-TKpfoT6vTb+513KDzMBTfCb/ORdgRnsS3TDFpOhAhZ08ikvK+hjHMt5plPiAX/OWkm1Wc9I3+K6W0hX5Ab7MVg==}

  '@polkadot-api/observable-client@0.3.2':
    resolution: {integrity: sha512-HGgqWgEutVyOBXoGOPp4+IAq6CNdK/3MfQJmhCJb8YaJiaK4W6aRGrdQuQSTPHfERHCARt9BrOmEvTXAT257Ug==}
    peerDependencies:
      '@polkadot-api/substrate-client': 0.1.4
      rxjs: '>=7.8.0'

  '@polkadot-api/substrate-bindings@0.6.0':
    resolution: {integrity: sha512-lGuhE74NA1/PqdN7fKFdE5C1gNYX357j1tWzdlPXI0kQ7h3kN0zfxNOpPUN7dIrPcOFZ6C0tRRVrBylXkI6xPw==}

  '@polkadot-api/substrate-client@0.1.4':
    resolution: {integrity: sha512-MljrPobN0ZWTpn++da9vOvt+Ex+NlqTlr/XT7zi9sqPtDJiQcYl+d29hFAgpaeTqbeQKZwz3WDE9xcEfLE8c5A==}

  '@polkadot-api/utils@0.1.0':
    resolution: {integrity: sha512-MXzWZeuGxKizPx2Xf/47wx9sr/uxKw39bVJUptTJdsaQn/TGq+z310mHzf1RCGvC1diHM8f593KrnDgc9oNbJA==}

  '@polkadot/api-augment@16.5.4':
    resolution: {integrity: sha512-9FTohz13ih458V2JBFjRACKHPqfM6j4bmmTbcSaE7hXcIOYzm4ABFo7xq5osLyvItganjsICErL2vRn2zULycw==}
    engines: {node: '>=18'}

  '@polkadot/api-base@16.5.4':
    resolution: {integrity: sha512-V69v3ieg5+91yRUCG1vFRSLr7V7MvHPvo/QrzleIUu8tPXWldJ0kyXbWKHVNZEpVBA9LpjGvII+MHUW7EaKMNg==}
    engines: {node: '>=18'}

  '@polkadot/api-derive@16.5.4':
    resolution: {integrity: sha512-0JP2a6CaqTviacHsmnUKF4VLRsKdYOzQCqdL9JpwY/QBz/ZLqIKKPiSRg285EVLf8n/hWdTfxbWqQCsRa5NL+Q==}
    engines: {node: '>=18'}

  '@polkadot/api@16.5.4':
    resolution: {integrity: sha512-mX1fwtXCBAHXEyZLSnSrMDGP+jfU2rr7GfDVQBz0cBY1nmY8N34RqPWGrZWj8o4DxVu1DQ91sGncOmlBwEl0Qg==}
    engines: {node: '>=18'}

  '@polkadot/keyring@14.0.1':
    resolution: {integrity: sha512-kHydQPCeTvJrMC9VQO8LPhAhTUxzxfNF1HEknhZDBPPsxP/XpkYsEy/Ln1QzJmQqD5VsgwzLDE6cExbJ2CT9CA==}
    engines: {node: '>=18'}
    peerDependencies:
      '@polkadot/util': 14.0.1
      '@polkadot/util-crypto': 14.0.1

  '@polkadot/networks@14.0.1':
    resolution: {integrity: sha512-wGlBtXDkusRAj4P7uxfPz80gLO1+j99MLBaQi3bEym2xrFrFhgIWVHOZlBit/1PfaBjhX2Z8XjRxaM2w1p7w2w==}
    engines: {node: '>=18'}

  '@polkadot/rpc-augment@16.5.4':
    resolution: {integrity: sha512-j9v3Ttqv/EYGezHtVksGJAFZhE/4F7LUWooOazh/53ATowMby3lZUdwInrK6bpYmG2whmYMw/Fo283fwDroBtQ==}
    engines: {node: '>=18'}

  '@polkadot/rpc-core@16.5.4':
    resolution: {integrity: sha512-92LOSTWujPjtmKOPvfCPs8rAaPFU+18wTtkIzwPwKxvxkN/SWsYSGIxmsoags9ramyHB6jp7Lr59TEuGMxIZzQ==}
    engines: {node: '>=18'}

  '@polkadot/rpc-provider@16.5.4':
    resolution: {integrity: sha512-mNAIBRA3jMvpnHsuqAX4InHSIqBdgxFD6ayVUFFAzOX8Fh6Xpd4RdI1dqr6a1pCzjnPSby4nbg+VuadWwauVtg==}
    engines: {node: '>=18'}

  '@polkadot/types-augment@16.5.4':
    resolution: {integrity: sha512-AGjXR+Q9O9UtVkGw/HuOXlbRqVpvG6H8nr+taXP71wuC6RD9gznFBFBqoNkfWHD2w89esNVQLTvXHVxlLpTXqA==}
    engines: {node: '>=18'}

  '@polkadot/types-codec@16.5.4':
    resolution: {integrity: sha512-OQtT1pmJu2F3/+Vh1OiXifKoeRy+CU1+Lu7dgTcdO705dnxU4447Zup5JVCJDnxBmMITts/38vbFN2pD225AnA==}
    engines: {node: '>=18'}

  '@polkadot/types-create@16.5.4':
    resolution: {integrity: sha512-URQnvr/sgvgIRSxIW3lmml6HMSTRRj2hTZIm6nhMTlYSVT4rLWx0ZbYUAjoPBbaJ+BmoqZ6Bbs+tA+5cQViv5Q==}
    engines: {node: '>=18'}

  '@polkadot/types-known@16.5.4':
    resolution: {integrity: sha512-Dd59y4e3AFCrH9xiqMU4xlG5+Zy0OTy7GQvqJVYXZFyAH+4HYDlxXjJGcSidGAmJcclSYfS3wyEkfw+j1EOVEw==}
    engines: {node: '>=18'}

  '@polkadot/types-support@16.5.4':
    resolution: {integrity: sha512-Ra6keCaO73ibxN6MzA56jFq9EReje7jjE4JQfzV5IpyDZdXcmPyJiEfa2Yps/YSP13Gc2e38t9FFyVau0V+SFQ==}
    engines: {node: '>=18'}

  '@polkadot/types@16.5.4':
    resolution: {integrity: sha512-8Oo1QWaL0DkIc/n2wKBIozPWug/0b2dPVhL+XrXHxJX7rIqS0x8sXDRbM9r166sI0nTqJiUho7pRIkt2PR/DMQ==}
    engines: {node: '>=18'}

  '@polkadot/util-crypto@14.0.1':
    resolution: {integrity: sha512-Cu7AKUzBTsUkbOtyuNzXcTpDjR9QW0fVR56o3gBmzfUCmvO1vlsuGzmmPzqpHymQQ3rrfqV78CPs62EGhw0R+A==}
    engines: {node: '>=18'}
    peerDependencies:
      '@polkadot/util': 14.0.1

  '@polkadot/util@14.0.1':
    resolution: {integrity: sha512-764HhxkPV3x5rM0/p6QdynC2dw26n+SaE+jisjx556ViCd4E28Ke4xSPef6C0Spy4aoXf2gt0PuLEcBvd6fVZg==}
    engines: {node: '>=18'}

  '@polkadot/wasm-bridge@7.5.4':
    resolution: {integrity: sha512-6xaJVvoZbnbgpQYXNw9OHVNWjXmtcoPcWh7hlwx3NpfiLkkjljj99YS+XGZQlq7ks2fVCg7FbfknkNb8PldDaA==}
    engines: {node: '>=18'}
    peerDependencies:
      '@polkadot/util': '*'
      '@polkadot/x-randomvalues': '*'

  '@polkadot/wasm-crypto-asmjs@7.5.4':
    resolution: {integrity: sha512-ZYwxQHAJ8pPt6kYk9XFmyuFuSS+yirJLonvP+DYbxOrARRUHfN4nzp4zcZNXUuaFhpbDobDSFn6gYzye6BUotA==}
    engines: {node: '>=18'}
    peerDependencies:
      '@polkadot/util': '*'

  '@polkadot/wasm-crypto-init@7.5.4':
    resolution: {integrity: sha512-U6s4Eo2rHs2n1iR01vTz/sOQ7eOnRPjaCsGWhPV+ZC/20hkVzwPAhiizu/IqMEol4tO2yiSheD4D6bn0KxUJhg==}
    engines: {node: '>=18'}
    peerDependencies:
      '@polkadot/util': '*'
      '@polkadot/x-randomvalues': '*'

  '@polkadot/wasm-crypto-wasm@7.5.4':
    resolution: {integrity: sha512-PsHgLsVTu43eprwSvUGnxybtOEuHPES6AbApcs7y5ZbM2PiDMzYbAjNul098xJK/CPtrxZ0ePDFnaQBmIJyTFw==}
    engines: {node: '>=18'}
    peerDependencies:
      '@polkadot/util': '*'

  '@polkadot/wasm-crypto@7.5.4':
    resolution: {integrity: sha512-1seyClxa7Jd7kQjfnCzTTTfYhTa/KUTDUaD3DMHBk5Q4ZUN1D1unJgX+v1aUeXSPxmzocdZETPJJRZjhVOqg9g==}
    engines: {node: '>=18'}
    peerDependencies:
      '@polkadot/util': '*'
      '@polkadot/x-randomvalues': '*'

  '@polkadot/wasm-util@7.5.4':
    resolution: {integrity: sha512-hqPpfhCpRAqCIn/CYbBluhh0TXmwkJnDRjxrU9Bnqtw9nMNa97D8JuOjdd2pi0rxm+eeLQ/f1rQMp71RMM9t4w==}
    engines: {node: '>=18'}
    peerDependencies:
      '@polkadot/util': '*'

  '@polkadot/x-bigint@14.0.1':
    resolution: {integrity: sha512-gfozjGnebr2rqURs31KtaWumbW4rRZpbiluhlmai6luCNrf5u8pB+oLA35kPEntrsLk9PnIG9OsC/n4hEtx4OQ==}
    engines: {node: '>=18'}

  '@polkadot/x-fetch@14.0.1':
    resolution: {integrity: sha512-yFsnO0xfkp3bIcvH70ZvmeUINYH1YnjOIS1B430f3w6axkqKhAOWCgzzKGMSRgn4dtm3YgwMBKPQ4nyfIsGOJQ==}
    engines: {node: '>=18'}

  '@polkadot/x-global@14.0.1':
    resolution: {integrity: sha512-aCI44DJU4fU0XXqrrSGIpi7JrZXK2kpe0jaQ2p6oDVXOOYEnZYXnMhTTmBE1lF/xtxzX50MnZrrU87jziU0qbA==}
    engines: {node: '>=18'}

  '@polkadot/x-randomvalues@14.0.1':
    resolution: {integrity: sha512-/XkQcvshzJLHITuPrN3zmQKuFIPdKWoaiHhhVLD6rQWV60lTXA3ajw3ocju8ZN7xRxnweMS9Ce0kMPYa0NhRMg==}
    engines: {node: '>=18'}
    peerDependencies:
      '@polkadot/util': 14.0.1
      '@polkadot/wasm-util': '*'

  '@polkadot/x-textdecoder@14.0.1':
    resolution: {integrity: sha512-CcWiPCuPVJsNk4Vq43lgFHqLRBQHb4r9RD7ZIYgmwoebES8TNm4g2ew9ToCzakFKSpzKu6I07Ne9wv/dt5zLuw==}
    engines: {node: '>=18'}

  '@polkadot/x-textencoder@14.0.1':
    resolution: {integrity: sha512-VY51SpQmF1ccmAGLfxhYnAe95Spfz049WZ/+kK4NfsGF9WejxVdU53Im5C80l45r8qHuYQsCWU3+t0FNunh2Kg==}
    engines: {node: '>=18'}

  '@polkadot/x-ws@14.0.1':
    resolution: {integrity: sha512-Q18hoSuOl7F4aENNGNt9XYxkrjwZlC6xye9OQrPDeHam1SrvflGv9mSZHyo+mwJs0z1PCz2STpPEN9PKfZvHng==}
    engines: {node: '>=18'}

  '@scure/base@1.2.6':
    resolution: {integrity: sha512-g/nm5FgUa//MCj1gV09zTJTaM6KBAHqLN907YVQqf7zC49+DcO4B1so4ZX07Ef10Twr6nuqYEH9GEggFXA4Fmg==}

  '@scure/bip32@1.7.0':
    resolution: {integrity: sha512-E4FFX/N3f4B80AKWp5dP6ow+flD1LQZo/w8UnLGYZO674jS6YnYeepycOOksv+vLPSpgN35wgKgy+ybfTb2SMw==}

  '@scure/bip39@1.6.0':
    resolution: {integrity: sha512-+lF0BbLiJNwVlev4eKelw1WWLaiKXw7sSl8T6FvBlWkdX+94aGJ4o8XjUdlyhTCjd8c+B3KT3JfS8P0bLRNU6A==}

  '@scure/sr25519@0.2.0':
    resolution: {integrity: sha512-uUuLP7Z126XdSizKtrCGqYyR3b3hYtJ6Fg/XFUXmc2//k2aXHDLqZwFeXxL97gg4XydPROPVnuaHGF2+xriSKg==}

  '@substrate/connect-extension-protocol@2.2.2':
    resolution: {integrity: sha512-t66jwrXA0s5Goq82ZtjagLNd7DPGCNjHeehRlE/gcJmJ+G56C0W+2plqOMRicJ8XGR1/YFnUSEqUFiSNbjGrAA==}

  '@substrate/connect-known-chains@1.10.3':
    resolution: {integrity: sha512-OJEZO1Pagtb6bNE3wCikc2wrmvEU5x7GxFFLqqbz1AJYYxSlrPCGu4N2og5YTExo4IcloNMQYFRkBGue0BKZ4w==}

  '@substrate/connect@0.8.11':
    resolution: {integrity: sha512-ofLs1PAO9AtDdPbdyTYj217Pe+lBfTLltdHDs3ds8no0BseoLeAGxpz1mHfi7zB4IxI3YyAiLjH6U8cw4pj4Nw==}
    deprecated: versions below 1.x are no longer maintained

  '@substrate/light-client-extension-helpers@1.0.0':
    resolution: {integrity: sha512-TdKlni1mBBZptOaeVrKnusMg/UBpWUORNDv5fdCaJklP4RJiFOzBCrzC+CyVI5kQzsXBisZ+2pXm+rIjS38kHg==}
    peerDependencies:
      smoldot: 2.x

  '@substrate/ss58-registry@1.51.0':
    resolution: {integrity: sha512-TWDurLiPxndFgKjVavCniytBIw+t4ViOi7TYp9h/D0NMmkEc9klFTo+827eyEJ0lELpqO207Ey7uGxUa+BS1jQ==}

  '@tsconfig/node10@1.0.12':
    resolution: {integrity: sha512-UCYBaeFvM11aU2y3YPZ//O5Rhj+xKyzy7mvcIoAjASbigy8mHMryP5cK7dgjlz2hWxh1g5pLw084E0a/wlUSFQ==}

  '@tsconfig/node12@1.0.11':
    resolution: {integrity: sha512-cqefuRsh12pWyGsIoBKJA9luFu3mRxCA+ORZvA4ktLSzIuCUtWVxGIuXigEwO5/ywWFMZ2QEGKWvkZG1zDMTag==}

  '@tsconfig/node14@1.0.3':
    resolution: {integrity: sha512-ysT8mhdixWK6Hw3i1V2AeRqZ5WfXg1G43mqoYlM2nc6388Fq5jcXyr5mRsqViLx/GJYdoL0bfXD8nmF+Zn/Iow==}

  '@tsconfig/node16@1.0.4':
    resolution: {integrity: sha512-vxhUy4J8lyeyinH7Azl1pdd43GJhZH/tP2weN8TntQblOY+A0XbT8DJk1/oCPuOOyg/Ja757rG0CgHcWC8OfMA==}

  '@types/bn.js@5.2.0':
    resolution: {integrity: sha512-DLbJ1BPqxvQhIGbeu8VbUC1DiAiahHtAYvA0ZEAa4P31F7IaArc8z3C3BRQdWX4mtLQuABG4yzp76ZrS02Ui1Q==}

  '@types/node@25.2.0':
    resolution: {integrity: sha512-DZ8VwRFUNzuqJ5khrvwMXHmvPe+zGayJhr2CDNiKB1WBE1ST8Djl00D0IC4vvNmHMdj6DlbYRIaFE7WHjlDl5w==}

  '@vara-eth/api@0.2.0':
    resolution: {integrity: sha512-UddYuXogKJ2UQ3uHN6OYk99wwPFiRaS4GjsWPau20zRCwkrGaKXhSc0BVqXqSRBpV4c5BJUyNeIyMs3nvLtKGw==}
    engines: {node: '>=22'}
    peerDependencies:
      kzg-wasm: 1.0.0
      viem: ^2.39.0

  abitype@1.2.3:
    resolution: {integrity: sha512-Ofer5QUnuUdTFsBRwARMoWKOH1ND5ehwYhJ3OJ/BQO+StkwQjHw0XyVh4vDttzHB7QOFhPHa/o413PJ82gU/Tg==}
    peerDependencies:
      typescript: '>=5.0.4'
      zod: ^3.22.0 || ^4.0.0
    peerDependenciesMeta:
      typescript:
        optional: true
      zod:
        optional: true

  acorn-walk@8.3.4:
    resolution: {integrity: sha512-ueEepnujpqee2o5aIYnvHU6C0A42MNdsIDeqy5BydrkuC5R1ZuUFnm27EeFJGoEHJQgn3uleRvmTXaJgfXbt4g==}
    engines: {node: '>=0.4.0'}

  acorn@8.15.0:
    resolution: {integrity: sha512-NZyJarBfL7nWwIq+FDL6Zp/yHEhePMNnnJ0y3qfieCrmNvYct8uvtiV41UvlSe6apAfk0fY1FbWx+NwfmpvtTg==}
    engines: {node: '>=0.4.0'}
    hasBin: true

  arg@4.1.3:
    resolution: {integrity: sha512-58S9QDqG0Xx27YwPSt9fJxivjYl432YCwfDMfZ+71RAqUrZef7LrKQZ3LHLOwCS4FLNBplP533Zx895SeOCHvA==}

  bn.js@5.2.2:
    resolution: {integrity: sha512-v2YAxEmKaBLahNwE1mjp4WON6huMNeuDvagFZW+ASCuA/ku0bXR9hSMw0XpiqMoA3+rmnyck/tPRSFQkoC9Cuw==}

  create-require@1.1.1:
    resolution: {integrity: sha512-dcKFX3jn0MpIaXjisoRvexIJVEKzaq7z2rZKxf+MSr9TkdmHmsU4m2lcLojrj/FHl8mk5VxMmYA+ftRkP/3oKQ==}

  data-uri-to-buffer@4.0.1:
    resolution: {integrity: sha512-0R9ikRb668HB7QDxT1vkpuUBtqc53YyAwMwGeUFKRojY/NWKvdZ+9UYtRfGmhqNbRkTSVpMbmyhXipFFv2cb/A==}
    engines: {node: '>= 12'}

  debug@4.4.3:
    resolution: {integrity: sha512-RGwwWnwQvkVfavKVt22FGLw+xYSdzARwm0ru6DhTVA3umU5hZc28V3kO4stgYryrTlLpuvgI9GiijltAjNbcqA==}
    engines: {node: '>=6.0'}
    peerDependencies:
      supports-color: '*'
    peerDependenciesMeta:
      supports-color:
        optional: true

  diff@4.0.4:
    resolution: {integrity: sha512-X07nttJQkwkfKfvTPG/KSnE2OMdcUCao6+eXF3wmnIQRn2aPAHH3VxDbDOdegkd6JbPsXqShpvEOHfAT+nCNwQ==}
    engines: {node: '>=0.3.1'}

  dotenv@17.2.3:
    resolution: {integrity: sha512-JVUnt+DUIzu87TABbhPmNfVdBDt18BLOWjMUFJMSi/Qqg7NTYtabbvSNJGOJ7afbRuv9D/lngizHtP7QyLQ+9w==}
    engines: {node: '>=12'}

  esbuild@0.27.3:
    resolution: {integrity: sha512-8VwMnyGCONIs6cWue2IdpHxHnAjzxnw2Zr7MkVxB2vjmQ2ivqGFb4LEG3SMnv0Gb2F/G/2yA8zUaiL1gywDCCg==}
    engines: {node: '>=18'}
    hasBin: true

  eventemitter3@5.0.1:
    resolution: {integrity: sha512-GWkBvjiSZK87ELrYOSESUYeVIc9mvLLf/nXalMOS5dYrgZq9o5OVkbZAVM06CVxYsCwH9BDZFPlQTlPA1j4ahA==}

  eventemitter3@5.0.4:
    resolution: {integrity: sha512-mlsTRyGaPBjPedk6Bvw+aqbsXDtoAyAzm5MO7JgU+yVRyMQ5O8bD4Kcci7BS85f93veegeCPkL8R4GLClnjLFw==}

  fetch-blob@3.2.0:
    resolution: {integrity: sha512-7yAQpD2UMJzLi1Dqv7qFYnPbaPx7ZfFK6PiIxQ4PfkGPyNyl2Ugx+a/umUonmKqjhM4DnfbMvdX6otXq83soQQ==}
    engines: {node: ^12.20 || >= 14.13}

  formdata-polyfill@4.0.10:
    resolution: {integrity: sha512-buewHzMvYL29jdeQTVILecSaZKnt/RJWjoZCF5OW60Z67/GmSLBkOFM7qh1PI3zFNtJbaZL5eQu1vLfazOwj4g==}
    engines: {node: '>=12.20.0'}

  fsevents@2.3.3:
    resolution: {integrity: sha512-5xoDfX+fL7faATnagmWPpbFtwh/R77WmMMqqHGS65C3vvB0YHrgF+B1YmZ3441tMj5n63k0212XNoJwzlhffQw==}
    engines: {node: ^8.16.0 || ^10.6.0 || >=11.0.0}
    os: [darwin]

  get-tsconfig@4.13.6:
    resolution: {integrity: sha512-shZT/QMiSHc/YBLxxOkMtgSid5HFoauqCE3/exfsEcwg1WkeqjG+V40yBbBrsD+jW2HDXcs28xOfcbm2jI8Ddw==}

  isows@1.0.7:
    resolution: {integrity: sha512-I1fSfDCZL5P0v33sVqeTDSpcstAg/N+wF5HS033mogOVIp4B+oHC7oOCsA3axAbBSGTJ8QubbNmnIRN/h8U7hg==}
    peerDependencies:
      ws: '*'

  json-stringify-safe@5.0.1:
    resolution: {integrity: sha512-ZClg6AaYvamvYEE82d3Iyd3vSSIjQ+odgjaTzRuO3s7toCdFKczob2i0zCh7JE8kWn17yvAWhUVxvqGwUalsRA==}

  kzg-wasm@1.0.0:
    resolution: {integrity: sha512-jMvFK5uiV41BgcLrCaHbNeDeQeZdoTcqOYm7yS1Xdvl4MAykjou+SLlnt+P1bWz5C0YWHOmgUUjIpCuU83zNTA==}

  make-error@1.3.6:
    resolution: {integrity: sha512-s8UhlNe7vPKomQhC1qFelMokr/Sc3AgNbso3n74mVPA5LTZwkB9NlXf4XPamLxJE8h0gh73rM94xvwRT2CVInw==}

  mock-socket@9.3.1:
    resolution: {integrity: sha512-qxBgB7Qa2sEQgHFjj0dSigq7fX4k6Saisd5Nelwp2q8mlbAFh5dHV9JTTlF8viYJLSSWgMCZFUom8PJcMNBoJw==}
    engines: {node: '>= 8'}

  ms@2.1.3:
    resolution: {integrity: sha512-6FlzubTLZG3J2a/NVCAleEhjzq5oxgHyaCU9yYXvcLsvoVaHJq/s5xXI6/XXP6tz7R9xAOtHnSO/tXtF3WRTlA==}

  nock@13.5.6:
    resolution: {integrity: sha512-o2zOYiCpzRqSzPj0Zt/dQ/DqZeYoaQ7TUonc/xUPjCGl9WeHpNbxgVvOquXYAaJzI0M9BXV3HTzG0p8IUAbBTQ==}
    engines: {node: '>= 10.13'}

  node-domexception@1.0.0:
    resolution: {integrity: sha512-/jKZoMpw0F8GRwl4/eLROPA3cfcXtLApP0QzLmUT/HuPCZWyB7IY9ZrMeKw2O/nFIqPQB3PVM9aYm0F312AXDQ==}
    engines: {node: '>=10.5.0'}
    deprecated: Use your platform's native DOMException instead

  node-fetch@3.3.2:
    resolution: {integrity: sha512-dRB78srN/l6gqWulah9SrxeYnxeddIG30+GOqK/9OlLVyLg3HPnr6SqOWTWOXKRwC2eGYCkZ59NNuSgvSrpgOA==}
    engines: {node: ^12.20.0 || ^14.13.1 || >=16.0.0}

  ox@0.11.3:
    resolution: {integrity: sha512-1bWYGk/xZel3xro3l8WGg6eq4YEKlaqvyMtVhfMFpbJzK2F6rj4EDRtqDCWVEJMkzcmEi9uW2QxsqELokOlarw==}
    peerDependencies:
      typescript: '>=5.4.0'
    peerDependenciesMeta:
      typescript:
        optional: true

  propagate@2.0.1:
    resolution: {integrity: sha512-vGrhOavPSTz4QVNuBNdcNXePNdNMaO1xj9yBeH1ScQPjk/rhg9sSlCXPhMkFuaNNW/syTvYqsnbIJxMBfRbbag==}
    engines: {node: '>= 8'}

  resolve-pkg-maps@1.0.0:
    resolution: {integrity: sha512-seS2Tj26TBVOC2NIc2rOe2y2ZO7efxITtLZcGSOnHHNOQ7CkiUBfw0Iw2ck6xkIhPwLhKNLS8BO+hEpngQlqzw==}

  rxjs@7.8.2:
    resolution: {integrity: sha512-dhKf903U/PQZY6boNNtAGdWbG85WAbjT/1xYoZIC7FAY0yWapOBQVsVrDl58W86//e1VpMNBtRV4MaXfdMySFA==}

  sails-js-parser@0.5.1:
    resolution: {integrity: sha512-9DDQd8U3DKoly3HZrNWSj+toBWmziaQmcpmBx0PInOFzMd4IsLW6OKUUVlAWfUaK7ckiTqdRmtsqxLd56cFxjw==}

  sails-js-types@0.5.1:
    resolution: {integrity: sha512-A8z9YO9ovpOcM0leHm/I0rATRkw2y54AauIGvFqJzrvOnQTZ2MAZCoISccC0BsRKMyg1UnflblkpdY040mJDMw==}

  sails-js-util@0.5.1:
    resolution: {integrity: sha512-51QtU3t95Mtu0Mda7MXmFD3Nhyx0R1jBme2bWbzNgsXwY+DxRn2a6wJ/8pgZoL4SRO5s63aNS72ifnRtuBHj1A==}

  sails-js@0.5.1:
    resolution: {integrity: sha512-mM334OJTLAQFwlaZRucITUcrbR4QXojUDMEns/fk3f4lsV2TSe43PRZvMD/Wp5rSL0qInAcEJrgMLiEKLvVmYQ==}
    peerDependencies:
      '@gear-js/api': ^0.44.1
      '@polkadot/api': ^16.4.1
      '@polkadot/util': ^13.5.1

  scale-ts@1.6.1:
    resolution: {integrity: sha512-PBMc2AWc6wSEqJYBDPcyCLUj9/tMKnLX70jLOSndMtcUoLQucP/DM0vnQo1wJAYjTrQiq8iG9rD0q6wFzgjH7g==}

  smoldot@2.0.26:
    resolution: {integrity: sha512-F+qYmH4z2s2FK+CxGj8moYcd1ekSIKH8ywkdqlOz88Dat35iB1DIYL11aILN46YSGMzQW/lbJNS307zBSDN5Ig==}

  ts-node@10.9.2:
    resolution: {integrity: sha512-f0FFpIdcHgn8zcPSbf1dRevwt047YMnaiJM3u2w2RewrB+fob/zePZcrOyQoLMMO7aBIddLcQIEK5dYjkLnGrQ==}
    hasBin: true
    peerDependencies:
      '@swc/core': '>=1.2.50'
      '@swc/wasm': '>=1.2.50'
      '@types/node': '*'
      typescript: '>=2.7'
    peerDependenciesMeta:
      '@swc/core':
        optional: true
      '@swc/wasm':
        optional: true

  tslib@2.8.1:
    resolution: {integrity: sha512-oJFu94HQb+KVduSUQL7wnpmqnfmLsOA/nAh6b6EH0wCEoK0/mPeXU6c3wKDV83MkOuHPRHtSXKKU99IBazS/2w==}

  tsx@4.21.0:
    resolution: {integrity: sha512-5C1sg4USs1lfG0GFb2RLXsdpXqBSEhAaA/0kPL01wxzpMqLILNxIxIOKiILz+cdg/pLnOUxFYOR5yhHU666wbw==}
    engines: {node: '>=18.0.0'}
    hasBin: true

  typescript@5.9.3:
    resolution: {integrity: sha512-jl1vZzPDinLr9eUt3J/t7V6FgNEw9QjvBPdysz9KfQDD41fQrC2Y4vKQdiaUpFT4bXlb1RHhLpp8wtm6M5TgSw==}
    engines: {node: '>=14.17'}
    hasBin: true

  undici-types@7.16.0:
    resolution: {integrity: sha512-Zz+aZWSj8LE6zoxD+xrjh4VfkIG8Ya6LvYkZqtUQGJPZjYl53ypCaUwWqo7eI0x66KBGeRo+mlBEkMSeSZ38Nw==}

  v8-compile-cache-lib@3.0.1:
    resolution: {integrity: sha512-wa7YjyUGfNZngI/vtK0UHAN+lgDCxBPCylVXGp0zu59Fz5aiGtNXaq3DhIov063MorB+VfufLh3JlF2KdTK3xg==}

  viem@2.45.1:
    resolution: {integrity: sha512-LN6Pp7vSfv50LgwhkfSbIXftAM5J89lP9x8TeDa8QM7o41IxlHrDh0F9X+FfnCWtsz11pEVV5sn+yBUoOHNqYA==}
    peerDependencies:
      typescript: '>=5.0.4'
    peerDependenciesMeta:
      typescript:
        optional: true

  web-streams-polyfill@3.3.3:
    resolution: {integrity: sha512-d2JWLCivmZYTSIoge9MsgFCZrt571BikcWGYkjC1khllbTeDlGqZ2D8vD8E/lJa8WGWbb7Plm8/XJYV7IJHZZw==}
    engines: {node: '>= 8'}

  ws@8.18.3:
    resolution: {integrity: sha512-PEIGCY5tSlUt50cqyMXfCzX+oOPqN0vuGqWzbcJ2xvnkzkq46oOpz7dQaTDBdfICb4N14+GARUDw2XV2N4tvzg==}
    engines: {node: '>=10.0.0'}
    peerDependencies:
      bufferutil: ^4.0.1
      utf-8-validate: '>=5.0.2'
    peerDependenciesMeta:
      bufferutil:
        optional: true
      utf-8-validate:
        optional: true

  ws@8.19.0:
    resolution: {integrity: sha512-blAT2mjOEIi0ZzruJfIhb3nps74PRWTCz1IjglWEEpQl5XS/UNama6u2/rjFkDDouqr4L67ry+1aGIALViWjDg==}
    engines: {node: '>=10.0.0'}
    peerDependencies:
      bufferutil: ^4.0.1
      utf-8-validate: '>=5.0.2'
    peerDependenciesMeta:
      bufferutil:
        optional: true
      utf-8-validate:
        optional: true

  yn@3.1.1:
    resolution: {integrity: sha512-Ux4ygGWsu2c7isFWe8Yu1YluJmqVhxqK2cLXNQA5AcC3QfbGNpM7fu0Y8b/z16pXLnFxZYvWhd3fhBY9DLmC6Q==}
    engines: {node: '>=6'}

snapshots:

  '@adraffy/ens-normalize@1.11.1': {}

  '@cspotcode/source-map-support@0.8.1':
    dependencies:
      '@jridgewell/trace-mapping': 0.3.9

  '@esbuild/aix-ppc64@0.27.3':
    optional: true

  '@esbuild/android-arm64@0.27.3':
    optional: true

  '@esbuild/android-arm@0.27.3':
    optional: true

  '@esbuild/android-x64@0.27.3':
    optional: true

  '@esbuild/darwin-arm64@0.27.3':
    optional: true

  '@esbuild/darwin-x64@0.27.3':
    optional: true

  '@esbuild/freebsd-arm64@0.27.3':
    optional: true

  '@esbuild/freebsd-x64@0.27.3':
    optional: true

  '@esbuild/linux-arm64@0.27.3':
    optional: true

  '@esbuild/linux-arm@0.27.3':
    optional: true

  '@esbuild/linux-ia32@0.27.3':
    optional: true

  '@esbuild/linux-loong64@0.27.3':
    optional: true

  '@esbuild/linux-mips64el@0.27.3':
    optional: true

  '@esbuild/linux-ppc64@0.27.3':
    optional: true

  '@esbuild/linux-riscv64@0.27.3':
    optional: true

  '@esbuild/linux-s390x@0.27.3':
    optional: true

  '@esbuild/linux-x64@0.27.3':
    optional: true

  '@esbuild/netbsd-arm64@0.27.3':
    optional: true

  '@esbuild/netbsd-x64@0.27.3':
    optional: true

  '@esbuild/openbsd-arm64@0.27.3':
    optional: true

  '@esbuild/openbsd-x64@0.27.3':
    optional: true

  '@esbuild/openharmony-arm64@0.27.3':
    optional: true

  '@esbuild/sunos-x64@0.27.3':
    optional: true

  '@esbuild/win32-arm64@0.27.3':
    optional: true

  '@esbuild/win32-ia32@0.27.3':
    optional: true

  '@esbuild/win32-x64@0.27.3':
    optional: true

  '@ethereumjs/rlp@10.1.1': {}

  '@ethereumjs/util@10.1.1':
    dependencies:
      '@ethereumjs/rlp': 10.1.1
      '@noble/curves': 2.0.1
      '@noble/hashes': 2.0.1

  '@gear-js/api@0.44.2(@polkadot/api@16.5.4)(@polkadot/wasm-crypto@7.5.4(@polkadot/util@14.0.1)(@polkadot/x-randomvalues@14.0.1(@polkadot/util@14.0.1)(@polkadot/wasm-util@7.5.4(@polkadot/util@14.0.1))))(rxjs@7.8.2)':
    dependencies:
      '@polkadot/api': 16.5.4
      '@polkadot/wasm-crypto': 7.5.4(@polkadot/util@14.0.1)(@polkadot/x-randomvalues@14.0.1(@polkadot/util@14.0.1)(@polkadot/wasm-util@7.5.4(@polkadot/util@14.0.1)))
      rxjs: 7.8.2

  '@jridgewell/resolve-uri@3.1.2': {}

  '@jridgewell/sourcemap-codec@1.5.5': {}

  '@jridgewell/trace-mapping@0.3.9':
    dependencies:
      '@jridgewell/resolve-uri': 3.1.2
      '@jridgewell/sourcemap-codec': 1.5.5

  '@noble/ciphers@1.3.0': {}

  '@noble/curves@1.9.1':
    dependencies:
      '@noble/hashes': 1.8.0

  '@noble/curves@1.9.7':
    dependencies:
      '@noble/hashes': 1.8.0

  '@noble/curves@2.0.1':
    dependencies:
      '@noble/hashes': 2.0.1

  '@noble/hashes@1.8.0': {}

  '@noble/hashes@2.0.1': {}

  '@polkadot-api/json-rpc-provider-proxy@0.1.0':
    optional: true

  '@polkadot-api/json-rpc-provider@0.0.1':
    optional: true

  '@polkadot-api/metadata-builders@0.3.2':
    dependencies:
      '@polkadot-api/substrate-bindings': 0.6.0
      '@polkadot-api/utils': 0.1.0
    optional: true

  '@polkadot-api/observable-client@0.3.2(@polkadot-api/substrate-client@0.1.4)(rxjs@7.8.2)':
    dependencies:
      '@polkadot-api/metadata-builders': 0.3.2
      '@polkadot-api/substrate-bindings': 0.6.0
      '@polkadot-api/substrate-client': 0.1.4
      '@polkadot-api/utils': 0.1.0
      rxjs: 7.8.2
    optional: true

  '@polkadot-api/substrate-bindings@0.6.0':
    dependencies:
      '@noble/hashes': 1.8.0
      '@polkadot-api/utils': 0.1.0
      '@scure/base': 1.2.6
      scale-ts: 1.6.1
    optional: true

  '@polkadot-api/substrate-client@0.1.4':
    dependencies:
      '@polkadot-api/json-rpc-provider': 0.0.1
      '@polkadot-api/utils': 0.1.0
    optional: true

  '@polkadot-api/utils@0.1.0':
    optional: true

  '@polkadot/api-augment@16.5.4':
    dependencies:
      '@polkadot/api-base': 16.5.4
      '@polkadot/rpc-augment': 16.5.4
      '@polkadot/types': 16.5.4
      '@polkadot/types-augment': 16.5.4
      '@polkadot/types-codec': 16.5.4
      '@polkadot/util': 14.0.1
      tslib: 2.8.1
    transitivePeerDependencies:
      - bufferutil
      - supports-color
      - utf-8-validate

  '@polkadot/api-base@16.5.4':
    dependencies:
      '@polkadot/rpc-core': 16.5.4
      '@polkadot/types': 16.5.4
      '@polkadot/util': 14.0.1
      rxjs: 7.8.2
      tslib: 2.8.1
    transitivePeerDependencies:
      - bufferutil
      - supports-color
      - utf-8-validate

  '@polkadot/api-derive@16.5.4':
    dependencies:
      '@polkadot/api': 16.5.4
      '@polkadot/api-augment': 16.5.4
      '@polkadot/api-base': 16.5.4
      '@polkadot/rpc-core': 16.5.4
      '@polkadot/types': 16.5.4
      '@polkadot/types-codec': 16.5.4
      '@polkadot/util': 14.0.1
      '@polkadot/util-crypto': 14.0.1(@polkadot/util@14.0.1)
      rxjs: 7.8.2
      tslib: 2.8.1
    transitivePeerDependencies:
      - bufferutil
      - supports-color
      - utf-8-validate

  '@polkadot/api@16.5.4':
    dependencies:
      '@polkadot/api-augment': 16.5.4
      '@polkadot/api-base': 16.5.4
      '@polkadot/api-derive': 16.5.4
      '@polkadot/keyring': 14.0.1(@polkadot/util-crypto@14.0.1(@polkadot/util@14.0.1))(@polkadot/util@14.0.1)
      '@polkadot/rpc-augment': 16.5.4
      '@polkadot/rpc-core': 16.5.4
      '@polkadot/rpc-provider': 16.5.4
      '@polkadot/types': 16.5.4
      '@polkadot/types-augment': 16.5.4
      '@polkadot/types-codec': 16.5.4
      '@polkadot/types-create': 16.5.4
      '@polkadot/types-known': 16.5.4
      '@polkadot/util': 14.0.1
      '@polkadot/util-crypto': 14.0.1(@polkadot/util@14.0.1)
      eventemitter3: 5.0.4
      rxjs: 7.8.2
      tslib: 2.8.1
    transitivePeerDependencies:
      - bufferutil
      - supports-color
      - utf-8-validate

  '@polkadot/keyring@14.0.1(@polkadot/util-crypto@14.0.1(@polkadot/util@14.0.1))(@polkadot/util@14.0.1)':
    dependencies:
      '@polkadot/util': 14.0.1
      '@polkadot/util-crypto': 14.0.1(@polkadot/util@14.0.1)
      tslib: 2.8.1

  '@polkadot/networks@14.0.1':
    dependencies:
      '@polkadot/util': 14.0.1
      '@substrate/ss58-registry': 1.51.0
      tslib: 2.8.1

  '@polkadot/rpc-augment@16.5.4':
    dependencies:
      '@polkadot/rpc-core': 16.5.4
      '@polkadot/types': 16.5.4
      '@polkadot/types-codec': 16.5.4
      '@polkadot/util': 14.0.1
      tslib: 2.8.1
    transitivePeerDependencies:
      - bufferutil
      - supports-color
      - utf-8-validate

  '@polkadot/rpc-core@16.5.4':
    dependencies:
      '@polkadot/rpc-augment': 16.5.4
      '@polkadot/rpc-provider': 16.5.4
      '@polkadot/types': 16.5.4
      '@polkadot/util': 14.0.1
      rxjs: 7.8.2
      tslib: 2.8.1
    transitivePeerDependencies:
      - bufferutil
      - supports-color
      - utf-8-validate

  '@polkadot/rpc-provider@16.5.4':
    dependencies:
      '@polkadot/keyring': 14.0.1(@polkadot/util-crypto@14.0.1(@polkadot/util@14.0.1))(@polkadot/util@14.0.1)
      '@polkadot/types': 16.5.4
      '@polkadot/types-support': 16.5.4
      '@polkadot/util': 14.0.1
      '@polkadot/util-crypto': 14.0.1(@polkadot/util@14.0.1)
      '@polkadot/x-fetch': 14.0.1
      '@polkadot/x-global': 14.0.1
      '@polkadot/x-ws': 14.0.1
      eventemitter3: 5.0.4
      mock-socket: 9.3.1
      nock: 13.5.6
      tslib: 2.8.1
    optionalDependencies:
      '@substrate/connect': 0.8.11
    transitivePeerDependencies:
      - bufferutil
      - supports-color
      - utf-8-validate

  '@polkadot/types-augment@16.5.4':
    dependencies:
      '@polkadot/types': 16.5.4
      '@polkadot/types-codec': 16.5.4
      '@polkadot/util': 14.0.1
      tslib: 2.8.1

  '@polkadot/types-codec@16.5.4':
    dependencies:
      '@polkadot/util': 14.0.1
      '@polkadot/x-bigint': 14.0.1
      tslib: 2.8.1

  '@polkadot/types-create@16.5.4':
    dependencies:
      '@polkadot/types-codec': 16.5.4
      '@polkadot/util': 14.0.1
      tslib: 2.8.1

  '@polkadot/types-known@16.5.4':
    dependencies:
      '@polkadot/networks': 14.0.1
      '@polkadot/types': 16.5.4
      '@polkadot/types-codec': 16.5.4
      '@polkadot/types-create': 16.5.4
      '@polkadot/util': 14.0.1
      tslib: 2.8.1

  '@polkadot/types-support@16.5.4':
    dependencies:
      '@polkadot/util': 14.0.1
      tslib: 2.8.1

  '@polkadot/types@16.5.4':
    dependencies:
      '@polkadot/keyring': 14.0.1(@polkadot/util-crypto@14.0.1(@polkadot/util@14.0.1))(@polkadot/util@14.0.1)
      '@polkadot/types-augment': 16.5.4
      '@polkadot/types-codec': 16.5.4
      '@polkadot/types-create': 16.5.4
      '@polkadot/util': 14.0.1
      '@polkadot/util-crypto': 14.0.1(@polkadot/util@14.0.1)
      rxjs: 7.8.2
      tslib: 2.8.1

  '@polkadot/util-crypto@14.0.1(@polkadot/util@14.0.1)':
    dependencies:
      '@noble/curves': 1.9.7
      '@noble/hashes': 1.8.0
      '@polkadot/networks': 14.0.1
      '@polkadot/util': 14.0.1
      '@polkadot/wasm-crypto': 7.5.4(@polkadot/util@14.0.1)(@polkadot/x-randomvalues@14.0.1(@polkadot/util@14.0.1)(@polkadot/wasm-util@7.5.4(@polkadot/util@14.0.1)))
      '@polkadot/wasm-util': 7.5.4(@polkadot/util@14.0.1)
      '@polkadot/x-bigint': 14.0.1
      '@polkadot/x-randomvalues': 14.0.1(@polkadot/util@14.0.1)(@polkadot/wasm-util@7.5.4(@polkadot/util@14.0.1))
      '@scure/base': 1.2.6
      '@scure/sr25519': 0.2.0
      tslib: 2.8.1

  '@polkadot/util@14.0.1':
    dependencies:
      '@polkadot/x-bigint': 14.0.1
      '@polkadot/x-global': 14.0.1
      '@polkadot/x-textdecoder': 14.0.1
      '@polkadot/x-textencoder': 14.0.1
      '@types/bn.js': 5.2.0
      bn.js: 5.2.2
      tslib: 2.8.1

  '@polkadot/wasm-bridge@7.5.4(@polkadot/util@14.0.1)(@polkadot/x-randomvalues@14.0.1(@polkadot/util@14.0.1)(@polkadot/wasm-util@7.5.4(@polkadot/util@14.0.1)))':
    dependencies:
      '@polkadot/util': 14.0.1
      '@polkadot/wasm-util': 7.5.4(@polkadot/util@14.0.1)
      '@polkadot/x-randomvalues': 14.0.1(@polkadot/util@14.0.1)(@polkadot/wasm-util@7.5.4(@polkadot/util@14.0.1))
      tslib: 2.8.1

  '@polkadot/wasm-crypto-asmjs@7.5.4(@polkadot/util@14.0.1)':
    dependencies:
      '@polkadot/util': 14.0.1
      tslib: 2.8.1

  '@polkadot/wasm-crypto-init@7.5.4(@polkadot/util@14.0.1)(@polkadot/x-randomvalues@14.0.1(@polkadot/util@14.0.1)(@polkadot/wasm-util@7.5.4(@polkadot/util@14.0.1)))':
    dependencies:
      '@polkadot/util': 14.0.1
      '@polkadot/wasm-bridge': 7.5.4(@polkadot/util@14.0.1)(@polkadot/x-randomvalues@14.0.1(@polkadot/util@14.0.1)(@polkadot/wasm-util@7.5.4(@polkadot/util@14.0.1)))
      '@polkadot/wasm-crypto-asmjs': 7.5.4(@polkadot/util@14.0.1)
      '@polkadot/wasm-crypto-wasm': 7.5.4(@polkadot/util@14.0.1)
      '@polkadot/wasm-util': 7.5.4(@polkadot/util@14.0.1)
      '@polkadot/x-randomvalues': 14.0.1(@polkadot/util@14.0.1)(@polkadot/wasm-util@7.5.4(@polkadot/util@14.0.1))
      tslib: 2.8.1

  '@polkadot/wasm-crypto-wasm@7.5.4(@polkadot/util@14.0.1)':
    dependencies:
      '@polkadot/util': 14.0.1
      '@polkadot/wasm-util': 7.5.4(@polkadot/util@14.0.1)
      tslib: 2.8.1

  '@polkadot/wasm-crypto@7.5.4(@polkadot/util@14.0.1)(@polkadot/x-randomvalues@14.0.1(@polkadot/util@14.0.1)(@polkadot/wasm-util@7.5.4(@polkadot/util@14.0.1)))':
    dependencies:
      '@polkadot/util': 14.0.1
      '@polkadot/wasm-bridge': 7.5.4(@polkadot/util@14.0.1)(@polkadot/x-randomvalues@14.0.1(@polkadot/util@14.0.1)(@polkadot/wasm-util@7.5.4(@polkadot/util@14.0.1)))
      '@polkadot/wasm-crypto-asmjs': 7.5.4(@polkadot/util@14.0.1)
      '@polkadot/wasm-crypto-init': 7.5.4(@polkadot/util@14.0.1)(@polkadot/x-randomvalues@14.0.1(@polkadot/util@14.0.1)(@polkadot/wasm-util@7.5.4(@polkadot/util@14.0.1)))
      '@polkadot/wasm-crypto-wasm': 7.5.4(@polkadot/util@14.0.1)
      '@polkadot/wasm-util': 7.5.4(@polkadot/util@14.0.1)
      '@polkadot/x-randomvalues': 14.0.1(@polkadot/util@14.0.1)(@polkadot/wasm-util@7.5.4(@polkadot/util@14.0.1))
      tslib: 2.8.1

  '@polkadot/wasm-util@7.5.4(@polkadot/util@14.0.1)':
    dependencies:
      '@polkadot/util': 14.0.1
      tslib: 2.8.1

  '@polkadot/x-bigint@14.0.1':
    dependencies:
      '@polkadot/x-global': 14.0.1
      tslib: 2.8.1

  '@polkadot/x-fetch@14.0.1':
    dependencies:
      '@polkadot/x-global': 14.0.1
      node-fetch: 3.3.2
      tslib: 2.8.1

  '@polkadot/x-global@14.0.1':
    dependencies:
      tslib: 2.8.1

  '@polkadot/x-randomvalues@14.0.1(@polkadot/util@14.0.1)(@polkadot/wasm-util@7.5.4(@polkadot/util@14.0.1))':
    dependencies:
      '@polkadot/util': 14.0.1
      '@polkadot/wasm-util': 7.5.4(@polkadot/util@14.0.1)
      '@polkadot/x-global': 14.0.1
      tslib: 2.8.1

  '@polkadot/x-textdecoder@14.0.1':
    dependencies:
      '@polkadot/x-global': 14.0.1
      tslib: 2.8.1

  '@polkadot/x-textencoder@14.0.1':
    dependencies:
      '@polkadot/x-global': 14.0.1
      tslib: 2.8.1

  '@polkadot/x-ws@14.0.1':
    dependencies:
      '@polkadot/x-global': 14.0.1
      tslib: 2.8.1
      ws: 8.19.0
    transitivePeerDependencies:
      - bufferutil
      - utf-8-validate

  '@scure/base@1.2.6': {}

  '@scure/bip32@1.7.0':
    dependencies:
      '@noble/curves': 1.9.1
      '@noble/hashes': 1.8.0
      '@scure/base': 1.2.6

  '@scure/bip39@1.6.0':
    dependencies:
      '@noble/hashes': 1.8.0
      '@scure/base': 1.2.6

  '@scure/sr25519@0.2.0':
    dependencies:
      '@noble/curves': 1.9.7
      '@noble/hashes': 1.8.0

  '@substrate/connect-extension-protocol@2.2.2':
    optional: true

  '@substrate/connect-known-chains@1.10.3':
    optional: true

  '@substrate/connect@0.8.11':
    dependencies:
      '@substrate/connect-extension-protocol': 2.2.2
      '@substrate/connect-known-chains': 1.10.3
      '@substrate/light-client-extension-helpers': 1.0.0(smoldot@2.0.26)
      smoldot: 2.0.26
    transitivePeerDependencies:
      - bufferutil
      - utf-8-validate
    optional: true

  '@substrate/light-client-extension-helpers@1.0.0(smoldot@2.0.26)':
    dependencies:
      '@polkadot-api/json-rpc-provider': 0.0.1
      '@polkadot-api/json-rpc-provider-proxy': 0.1.0
      '@polkadot-api/observable-client': 0.3.2(@polkadot-api/substrate-client@0.1.4)(rxjs@7.8.2)
      '@polkadot-api/substrate-client': 0.1.4
      '@substrate/connect-extension-protocol': 2.2.2
      '@substrate/connect-known-chains': 1.10.3
      rxjs: 7.8.2
      smoldot: 2.0.26
    optional: true

  '@substrate/ss58-registry@1.51.0': {}

  '@tsconfig/node10@1.0.12': {}

  '@tsconfig/node12@1.0.11': {}

  '@tsconfig/node14@1.0.3': {}

  '@tsconfig/node16@1.0.4': {}

  '@types/bn.js@5.2.0':
    dependencies:
      '@types/node': 25.2.0

  '@types/node@25.2.0':
    dependencies:
      undici-types: 7.16.0

  '@vara-eth/api@0.2.0(kzg-wasm@1.0.0)(viem@2.45.1(typescript@5.9.3))':
    dependencies:
      '@ethereumjs/util': 10.1.1
      '@noble/hashes': 1.8.0
      kzg-wasm: 1.0.0
      viem: 2.45.1(typescript@5.9.3)

  abitype@1.2.3(typescript@5.9.3):
    optionalDependencies:
      typescript: 5.9.3

  acorn-walk@8.3.4:
    dependencies:
      acorn: 8.15.0

  acorn@8.15.0: {}

  arg@4.1.3: {}

  bn.js@5.2.2: {}

  create-require@1.1.1: {}

  data-uri-to-buffer@4.0.1: {}

  debug@4.4.3:
    dependencies:
      ms: 2.1.3

  diff@4.0.4: {}

  dotenv@17.2.3: {}

  esbuild@0.27.3:
    optionalDependencies:
      '@esbuild/aix-ppc64': 0.27.3
      '@esbuild/android-arm': 0.27.3
      '@esbuild/android-arm64': 0.27.3
      '@esbuild/android-x64': 0.27.3
      '@esbuild/darwin-arm64': 0.27.3
      '@esbuild/darwin-x64': 0.27.3
      '@esbuild/freebsd-arm64': 0.27.3
      '@esbuild/freebsd-x64': 0.27.3
      '@esbuild/linux-arm': 0.27.3
      '@esbuild/linux-arm64': 0.27.3
      '@esbuild/linux-ia32': 0.27.3
      '@esbuild/linux-loong64': 0.27.3
      '@esbuild/linux-mips64el': 0.27.3
      '@esbuild/linux-ppc64': 0.27.3
      '@esbuild/linux-riscv64': 0.27.3
      '@esbuild/linux-s390x': 0.27.3
      '@esbuild/linux-x64': 0.27.3
      '@esbuild/netbsd-arm64': 0.27.3
      '@esbuild/netbsd-x64': 0.27.3
      '@esbuild/openbsd-arm64': 0.27.3
      '@esbuild/openbsd-x64': 0.27.3
      '@esbuild/openharmony-arm64': 0.27.3
      '@esbuild/sunos-x64': 0.27.3
      '@esbuild/win32-arm64': 0.27.3
      '@esbuild/win32-ia32': 0.27.3
      '@esbuild/win32-x64': 0.27.3

  eventemitter3@5.0.1: {}

  eventemitter3@5.0.4: {}

  fetch-blob@3.2.0:
    dependencies:
      node-domexception: 1.0.0
      web-streams-polyfill: 3.3.3

  formdata-polyfill@4.0.10:
    dependencies:
      fetch-blob: 3.2.0

  fsevents@2.3.3:
    optional: true

  get-tsconfig@4.13.6:
    dependencies:
      resolve-pkg-maps: 1.0.0

  isows@1.0.7(ws@8.18.3):
    dependencies:
      ws: 8.18.3

  json-stringify-safe@5.0.1: {}

  kzg-wasm@1.0.0: {}

  make-error@1.3.6: {}

  mock-socket@9.3.1: {}

  ms@2.1.3: {}

  nock@13.5.6:
    dependencies:
      debug: 4.4.3
      json-stringify-safe: 5.0.1
      propagate: 2.0.1
    transitivePeerDependencies:
      - supports-color

  node-domexception@1.0.0: {}

  node-fetch@3.3.2:
    dependencies:
      data-uri-to-buffer: 4.0.1
      fetch-blob: 3.2.0
      formdata-polyfill: 4.0.10

  ox@0.11.3(typescript@5.9.3):
    dependencies:
      '@adraffy/ens-normalize': 1.11.1
      '@noble/ciphers': 1.3.0
      '@noble/curves': 1.9.1
      '@noble/hashes': 1.8.0
      '@scure/bip32': 1.7.0
      '@scure/bip39': 1.6.0
      abitype: 1.2.3(typescript@5.9.3)
      eventemitter3: 5.0.1
    optionalDependencies:
      typescript: 5.9.3
    transitivePeerDependencies:
      - zod

  propagate@2.0.1: {}

  resolve-pkg-maps@1.0.0: {}

  rxjs@7.8.2:
    dependencies:
      tslib: 2.8.1

  sails-js-parser@0.5.1:
    optionalDependencies:
      sails-js-types: 0.5.1

  sails-js-types@0.5.1: {}

  sails-js-util@0.5.1: {}

  sails-js@0.5.1(@gear-js/api@0.44.2(@polkadot/api@16.5.4)(@polkadot/wasm-crypto@7.5.4(@polkadot/util@14.0.1)(@polkadot/x-randomvalues@14.0.1(@polkadot/util@14.0.1)(@polkadot/wasm-util@7.5.4(@polkadot/util@14.0.1))))(rxjs@7.8.2))(@polkadot/api@16.5.4)(@polkadot/util@14.0.1):
    dependencies:
      '@gear-js/api': 0.44.2(@polkadot/api@16.5.4)(@polkadot/wasm-crypto@7.5.4(@polkadot/util@14.0.1)(@polkadot/x-randomvalues@14.0.1(@polkadot/util@14.0.1)(@polkadot/wasm-util@7.5.4(@polkadot/util@14.0.1))))(rxjs@7.8.2)
      '@polkadot/api': 16.5.4
      '@polkadot/util': 14.0.1
      sails-js-util: 0.5.1
    optionalDependencies:
      sails-js-types: 0.5.1

  scale-ts@1.6.1:
    optional: true

  smoldot@2.0.26:
    dependencies:
      ws: 8.19.0
    transitivePeerDependencies:
      - bufferutil
      - utf-8-validate
    optional: true

  ts-node@10.9.2(@types/node@25.2.0)(typescript@5.9.3):
    dependencies:
      '@cspotcode/source-map-support': 0.8.1
      '@tsconfig/node10': 1.0.12
      '@tsconfig/node12': 1.0.11
      '@tsconfig/node14': 1.0.3
      '@tsconfig/node16': 1.0.4
      '@types/node': 25.2.0
      acorn: 8.15.0
      acorn-walk: 8.3.4
      arg: 4.1.3
      create-require: 1.1.1
      diff: 4.0.4
      make-error: 1.3.6
      typescript: 5.9.3
      v8-compile-cache-lib: 3.0.1
      yn: 3.1.1

  tslib@2.8.1: {}

  tsx@4.21.0:
    dependencies:
      esbuild: 0.27.3
      get-tsconfig: 4.13.6
    optionalDependencies:
      fsevents: 2.3.3

  typescript@5.9.3: {}

  undici-types@7.16.0: {}

  v8-compile-cache-lib@3.0.1: {}

  viem@2.45.1(typescript@5.9.3):
    dependencies:
      '@noble/curves': 1.9.1
      '@noble/hashes': 1.8.0
      '@scure/bip32': 1.7.0
      '@scure/bip39': 1.6.0
      abitype: 1.2.3(typescript@5.9.3)
      isows: 1.0.7(ws@8.18.3)
      ox: 0.11.3(typescript@5.9.3)
      ws: 8.18.3
    optionalDependencies:
      typescript: 5.9.3
    transitivePeerDependencies:
      - bufferutil
      - utf-8-validate
      - zod

  web-streams-polyfill@3.3.3: {}

  ws@8.18.3: {}

  ws@8.19.0: {}

  yn@3.1.1: {}
